
Microsoft Visual Studio Solution File, Format Version 12.00
Project("{8BC9CEB8-8B4A-11D0-8D11-00A0C91BC942}") = "GoDiceConsoleApp", "GoDiceConsoleApp\GoDiceConsoleApp.vcxproj", "{C4E903FC-6532-44A5-B4DB-732965A0AEBB}"
EndProject
Project("{8BC9CEB8-8B4A-11D0-8D11-00A0C91BC942}") = "GoDiceDll", "GoDiceDll\GoDiceDll.vcxproj", "{032FF869-B005-4034-9972-7F7CC784B687}"
EndProject
Global
	GlobalSection(SolutionConfigurationPlatforms) = preSolution
		Debug|Win32 = Debug|Win32
		Debug|x64 = Debug|x64
		Release|Win32 = Release|Win32
		Release|x64 = Release|x64
	EndGlobalSection
	GlobalSection(ProjectConfigurationPlatforms) = postSolution
		{C4E903FC-6532-44A5-B4DB-732965A0AEBB}.Debug|Win32.ActiveCfg = Debug|Win32
		{C4E903FC-6532-44A5-B4DB-732965A0AEBB}.Debug|Win32.Build.0 = Debug|Win32
		{C4E903FC-6532-44A5-B4DB-732965A0AEBB}.Debug|x64.ActiveCfg = Debug|x64
		{C4E903FC-6532-44A5-B4DB-732965A0AEBB}.Debug|x64.Build.0 = Debug|x64
		{C4E903FC-6532-44A5-B4DB-732965A0AEBB}.Release|Win32.ActiveCfg = Release|Win32
		{C4E903FC-6532-44A5-B4DB-732965A0AEBB}.Release|Win32.Build.0 = Release|Win32
		{C4E903FC-6532-44A5-B4DB-732965A0AEBB}.Release|x64.ActiveCfg = Release|x64
		{C4E903FC-6532-44A5-B4DB-732965A0AEBB}.Release|x64.Build.0 = Release|x64
		{032FF869-B005-4034-9972-7F7CC784B687}.Debug|Win32.ActiveCfg = Debug|Win32
		{032FF869-B005-4034-9972-7F7CC784B687}.Debug|Win32.Build.0 = Debug|Win32
		{032FF869-B005-4034-9972-7F7CC784B687}.Debug|x64.ActiveCfg = Debug|x64
		{032FF869-B005-4034-9972-7F7CC784B687}.Debug|x64.Build.0 = Debug|x64
		{032FF869-B005-4034-9972-7F7CC784B687}.Release|Win32.ActiveCfg = Release|Win32
		{032FF869-B005-4034-9972-7F7CC784B687}.Release|Win32.Build.0 = Release|Win32
		{032FF869-B005-4034-9972-7F7CC784B687}.Release|x64.ActiveCfg = Release|x64
		{032FF869-B005-4034-9972-7F7CC784B687}.Release|x64.Build.0 = Release|x64
	EndGlobalSection
EndGlobal
